// !$*UTF8*$!
{
	archiveVersion = 1;
	classes = {
	};
	objectVersion = 56;
	objects = {

/* Begin PBXBuildFile section */
		E11323212B37BE2000AFB9E8 /* Dragger.swift in Sources */ = {isa = PBXBuildFile; fileRef = E11323202B37BE2000AFB9E8 /* Dragger.swift */; };
		E14D42912B376FFF0015BA2F /* whatadayApp.swift in Sources */ = {isa = PBXBuildFile; fileRef = E14D42902B376FFF0015BA2F /* whatadayApp.swift */; };
		E14D42932B376FFF0015BA2F /* ContentView.swift in Sources */ = {isa = PBXBuildFile; fileRef = E14D42922B376FFF0015BA2F /* ContentView.swift */; };
		E14D42952B3770020015BA2F /* Assets.xcassets in Resources */ = {isa = PBXBuildFile; fileRef = E14D42942B3770020015BA2F /* Assets.xcassets */; };
		E14D42982B3770020015BA2F /* Preview Assets.xcassets in Resources */ = {isa = PBXBuildFile; fileRef = E14D42972B3770020015BA2F /* Preview Assets.xcassets */; };
		E14D42A22B3770030015BA2F /* whatadayTests.swift in Sources */ = {isa = PBXBuildFile; fileRef = E14D42A12B3770030015BA2F /* whatadayTests.swift */; };
		E14D42AC2B3770030015BA2F /* whatadayUITests.swift in Sources */ = {isa = PBXBuildFile; fileRef = E14D42AB2B3770030015BA2F /* whatadayUITests.swift */; };
		E14D42AE2B3770030015BA2F /* whatadayUITestsLaunchTests.swift in Sources */ = {isa = PBXBuildFile; fileRef = E14D42AD2B3770030015BA2F /* whatadayUITestsLaunchTests.swift */; };
		E14D42BC2B3771790015BA2F /* Home.swift in Sources */ = {isa = PBXBuildFile; fileRef = E14D42BB2B3771790015BA2F /* Home.swift */; };
		E14D42BE2B3772F50015BA2F /* Slider.swift in Sources */ = {isa = PBXBuildFile; fileRef = E14D42BD2B3772F50015BA2F /* Slider.swift */; };
		E14D42C02B3795C20015BA2F /* Clock.swift in Sources */ = {isa = PBXBuildFile; fileRef = E14D42BF2B3795C20015BA2F /* Clock.swift */; };
/* End PBXBuildFile section */

/* Begin PBXContainerItemProxy section */
		E14D429E2B3770030015BA2F /* PBXContainerItemProxy */ = {
			isa = PBXContainerItemProxy;
			containerPortal = E14D42852B376FFF0015BA2F /* Project object */;
			proxyType = 1;
			remoteGlobalIDString = E14D428C2B376FFF0015BA2F;
			remoteInfo = whataday;
		};
		E14D42A82B3770030015BA2F /* PBXContainerItemProxy */ = {
			isa = PBXContainerItemProxy;
			containerPortal = E14D42852B376FFF0015BA2F /* Project object */;
			proxyType = 1;
			remoteGlobalIDString = E14D428C2B376FFF0015BA2F;
			remoteInfo = whataday;
		};
/* End PBXContainerItemProxy section */

/* Begin PBXFileReference section */
		E11323202B37BE2000AFB9E8 /* Dragger.swift */ = {isa = PBXFileReference; lastKnownFileType = sourcecode.swift; path = Dragger.swift; sourceTree = "<group>"; };
		E14D428D2B376FFF0015BA2F /* whataday.app */ = {isa = PBXFileReference; explicitFileType = wrapper.application; includeInIndex = 0; path = whataday.app; sourceTree = BUILT_PRODUCTS_DIR; };
		E14D42902B376FFF0015BA2F /* whatadayApp.swift */ = {isa = PBXFileReference; lastKnownFileType = sourcecode.swift; path = whatadayApp.swift; sourceTree = "<group>"; };
		E14D42922B376FFF0015BA2F /* ContentView.swift */ = {isa = PBXFileReference; lastKnownFileType = sourcecode.swift; path = ContentView.swift; sourceTree = "<group>"; };
		E14D42942B3770020015BA2F /* Assets.xcassets */ = {isa = PBXFileReference; lastKnownFileType = folder.assetcatalog; path = Assets.xcassets; sourceTree = "<group>"; };
		E14D42972B3770020015BA2F /* Preview Assets.xcassets */ = {isa = PBXFileReference; lastKnownFileType = folder.assetcatalog; path = "Preview Assets.xcassets"; sourceTree = "<group>"; };
		E14D429D2B3770030015BA2F /* whatadayTests.xctest */ = {isa = PBXFileReference; explicitFileType = wrapper.cfbundle; includeInIndex = 0; path = whatadayTests.xctest; sourceTree = BUILT_PRODUCTS_DIR; };
		E14D42A12B3770030015BA2F /* whatadayTests.swift */ = {isa = PBXFileReference; lastKnownFileType = sourcecode.swift; path = whatadayTests.swift; sourceTree = "<group>"; };
		E14D42A72B3770030015BA2F /* whatadayUITests.xctest */ = {isa = PBXFileReference; explicitFileType = wrapper.cfbundle; includeInIndex = 0; path = whatadayUITests.xctest; sourceTree = BUILT_PRODUCTS_DIR; };
		E14D42AB2B3770030015BA2F /* whatadayUITests.swift */ = {isa = PBXFileReference; lastKnownFileType = sourcecode.swift; path = whatadayUITests.swift; sourceTree = "<group>"; };
		E14D42AD2B3770030015BA2F /* whatadayUITestsLaunchTests.swift */ = {isa = PBXFileReference; lastKnownFileType = sourcecode.swift; path = whatadayUITestsLaunchTests.swift; sourceTree = "<group>"; };
		E14D42BB2B3771790015BA2F /* Home.swift */ = {isa = PBXFileReference; lastKnownFileType = sourcecode.swift; path = Home.swift; sourceTree = "<group>"; };
		E14D42BD2B3772F50015BA2F /* Slider.swift */ = {isa = PBXFileReference; lastKnownFileType = sourcecode.swift; path = Slider.swift; sourceTree = "<group>"; };
		E14D42BF2B3795C20015BA2F /* Clock.swift */ = {isa = PBXFileReference; lastKnownFileType = sourcecode.swift; path = Clock.swift; sourceTree = "<group>"; };
/* End PBXFileReference section */

/* Begin PBXFrameworksBuildPhase section */
		E14D428A2B376FFF0015BA2F /* Frameworks */ = {
			isa = PBXFrameworksBuildPhase;
			buildActionMask = 2147483647;
			files = (
			);
			runOnlyForDeploymentPostprocessing = 0;
		};
		E14D429A2B3770030015BA2F /* Frameworks */ = {
			isa = PBXFrameworksBuildPhase;
			buildActionMask = 2147483647;
			files = (
			);
			runOnlyForDeploymentPostprocessing = 0;
		};
		E14D42A42B3770030015BA2F /* Frameworks */ = {
			isa = PBXFrameworksBuildPhase;
			buildActionMask = 2147483647;
			files = (
			);
			runOnlyForDeploymentPostprocessing = 0;
		};
/* End PBXFrameworksBuildPhase section */

/* Begin PBXGroup section */
		E14D42842B376FFF0015BA2F = {
			isa = PBXGroup;
			children = (
				E14D428F2B376FFF0015BA2F /* whataday */,
				E14D42A02B3770030015BA2F /* whatadayTests */,
				E14D42AA2B3770030015BA2F /* whatadayUITests */,
				E14D428E2B376FFF0015BA2F /* Products */,
			);
			sourceTree = "<group>";
		};
		E14D428E2B376FFF0015BA2F /* Products */ = {
			isa = PBXGroup;
			children = (
				E14D428D2B376FFF0015BA2F /* whataday.app */,
				E14D429D2B3770030015BA2F /* whatadayTests.xctest */,
				E14D42A72B3770030015BA2F /* whatadayUITests.xctest */,
			);
			name = Products;
			sourceTree = "<group>";
		};
		E14D428F2B376FFF0015BA2F /* whataday */ = {
			isa = PBXGroup;
			children = (
				E14D42BA2B3771320015BA2F /* View */,
				E14D42902B376FFF0015BA2F /* whatadayApp.swift */,
				E14D42922B376FFF0015BA2F /* ContentView.swift */,
				E14D42942B3770020015BA2F /* Assets.xcassets */,
				E14D42962B3770020015BA2F /* Preview Content */,
			);
			path = whataday;
			sourceTree = "<group>";
		};
		E14D42962B3770020015BA2F /* Preview Content */ = {
			isa = PBXGroup;
			children = (
				E14D42972B3770020015BA2F /* Preview Assets.xcassets */,
			);
			path = "Preview Content";
			sourceTree = "<group>";
		};
		E14D42A02B3770030015BA2F /* whatadayTests */ = {
			isa = PBXGroup;
			children = (
				E14D42A12B3770030015BA2F /* whatadayTests.swift */,
			);
			path = whatadayTests;
			sourceTree = "<group>";
		};
		E14D42AA2B3770030015BA2F /* whatadayUITests */ = {
			isa = PBXGroup;
			children = (
				E14D42AB2B3770030015BA2F /* whatadayUITests.swift */,
				E14D42AD2B3770030015BA2F /* whatadayUITestsLaunchTests.swift */,
			);
			path = whatadayUITests;
			sourceTree = "<group>";
		};
		E14D42BA2B3771320015BA2F /* View */ = {
			isa = PBXGroup;
			children = (
				E14D42BB2B3771790015BA2F /* Home.swift */,
				E14D42BD2B3772F50015BA2F /* Slider.swift */,
				E14D42BF2B3795C20015BA2F /* Clock.swift */,
				E11323202B37BE2000AFB9E8 /* Dragger.swift */,
			);
			path = View;
			sourceTree = "<group>";
		};
/* End PBXGroup section */

/* Begin PBXNativeTarget section */
		E14D428C2B376FFF0015BA2F /* whataday */ = {
			isa = PBXNativeTarget;
			buildConfigurationList = E14D42B12B3770030015BA2F /* Build configuration list for PBXNativeTarget "whataday" */;
			buildPhases = (
				E14D42892B376FFF0015BA2F /* Sources */,
				E14D428A2B376FFF0015BA2F /* Frameworks */,
				E14D428B2B376FFF0015BA2F /* Resources */,
			);
			buildRules = (
			);
			dependencies = (
			);
			name = whataday;
			productName = whataday;
			productReference = E14D428D2B376FFF0015BA2F /* whataday.app */;
			productType = "com.apple.product-type.application";
		};
		E14D429C2B3770030015BA2F /* whatadayTests */ = {
			isa = PBXNativeTarget;
			buildConfigurationList = E14D42B42B3770030015BA2F /* Build configuration list for PBXNativeTarget "whatadayTests" */;
			buildPhases = (
				E14D42992B3770030015BA2F /* Sources */,
				E14D429A2B3770030015BA2F /* Frameworks */,
				E14D429B2B3770030015BA2F /* Resources */,
			);
			buildRules = (
			);
			dependencies = (
				E14D429F2B3770030015BA2F /* PBXTargetDependency */,
			);
			name = whatadayTests;
			productName = whatadayTests;
			productReference = E14D429D2B3770030015BA2F /* whatadayTests.xctest */;
			productType = "com.apple.product-type.bundle.unit-test";
		};
		E14D42A62B3770030015BA2F /* whatadayUITests */ = {
			isa = PBXNativeTarget;
			buildConfigurationList = E14D42B72B3770030015BA2F /* Build configuration list for PBXNativeTarget "whatadayUITests" */;
			buildPhases = (
				E14D42A32B3770030015BA2F /* Sources */,
				E14D42A42B3770030015BA2F /* Frameworks */,
				E14D42A52B3770030015BA2F /* Resources */,
			);
			buildRules = (
			);
			dependencies = (
				E14D42A92B3770030015BA2F /* PBXTargetDependency */,
			);
			name = whatadayUITests;
			productName = whatadayUITests;
			productReference = E14D42A72B3770030015BA2F /* whatadayUITests.xctest */;
			productType = "com.apple.product-type.bundle.ui-testing";
		};
/* End PBXNativeTarget section */

/* Begin PBXProject section */
		E14D42852B376FFF0015BA2F /* Project object */ = {
			isa = PBXProject;
			attributes = {
				BuildIndependentTargetsInParallel = 1;
				LastSwiftUpdateCheck = 1510;
				LastUpgradeCheck = 1510;
				TargetAttributes = {
					E14D428C2B376FFF0015BA2F = {
						CreatedOnToolsVersion = 15.1;
					};
					E14D429C2B3770030015BA2F = {
						CreatedOnToolsVersion = 15.1;
						TestTargetID = E14D428C2B376FFF0015BA2F;
					};
					E14D42A62B3770030015BA2F = {
						CreatedOnToolsVersion = 15.1;
						TestTargetID = E14D428C2B376FFF0015BA2F;
					};
				};
			};
			buildConfigurationList = E14D42882B376FFF0015BA2F /* Build configuration list for PBXProject "whataday" */;
			compatibilityVersion = "Xcode 14.0";
			developmentRegion = en;
			hasScannedForEncodings = 0;
			knownRegions = (
				en,
				Base,
			);
			mainGroup = E14D42842B376FFF0015BA2F;
			productRefGroup = E14D428E2B376FFF0015BA2F /* Products */;
			projectDirPath = "";
			projectRoot = "";
			targets = (
				E14D428C2B376FFF0015BA2F /* whataday */,
				E14D429C2B3770030015BA2F /* whatadayTests */,
				E14D42A62B3770030015BA2F /* whatadayUITests */,
			);
		};
/* End PBXProject section */

/* Begin PBXResourcesBuildPhase section */
		E14D428B2B376FFF0015BA2F /* Resources */ = {
			isa = PBXResourcesBuildPhase;
			buildActionMask = 2147483647;
			files = (
				E14D42982B3770020015BA2F /* Preview Assets.xcassets in Resources */,
				E14D42952B3770020015BA2F /* Assets.xcassets in Resources */,
			);
			runOnlyForDeploymentPostprocessing = 0;
		};
		E14D429B2B3770030015BA2F /* Resources */ = {
			isa = PBXResourcesBuildPhase;
			buildActionMask = 2147483647;
			files = (
			);
			runOnlyForDeploymentPostprocessing = 0;
		};
		E14D42A52B3770030015BA2F /* Resources */ = {
			isa = PBXResourcesBuildPhase;
			buildActionMask = 2147483647;
			files = (
			);
			runOnlyForDeploymentPostprocessing = 0;
		};
/* End PBXResourcesBuildPhase section */

/* Begin PBXSourcesBuildPhase section */
		E14D42892B376FFF0015BA2F /* Sources */ = {
			isa = PBXSourcesBuildPhase;
			buildActionMask = 2147483647;
			files = (
				E14D42932B376FFF0015BA2F /* ContentView.swift in Sources */,
				E14D42BC2B3771790015BA2F /* Home.swift in Sources */,
				E14D42BE2B3772F50015BA2F /* Slider.swift in Sources */,
				E14D42912B376FFF0015BA2F /* whatadayApp.swift in Sources */,
				E11323212B37BE2000AFB9E8 /* Dragger.swift in Sources */,
				E14D42C02B3795C20015BA2F /* Clock.swift in Sources */,
			);
			runOnlyForDeploymentPostprocessing = 0;
		};
		E14D42992B3770030015BA2F /* Sources */ = {
			isa = PBXSourcesBuildPhase;
			buildActionMask = 2147483647;
			files = (
				E14D42A22B3770030015BA2F /* whatadayTests.swift in Sources */,
			);
			runOnlyForDeploymentPostprocessing = 0;
		};
		E14D42A32B3770030015BA2F /* Sources */ = {
			isa = PBXSourcesBuildPhase;
			buildActionMask = 2147483647;
			files = (
				E14D42AE2B3770030015BA2F /* whatadayUITestsLaunchTests.swift in Sources */,
				E14D42AC2B3770030015BA2F /* whatadayUITests.swift in Sources */,
			);
			runOnlyForDeploymentPostprocessing = 0;
		};
/* End PBXSourcesBuildPhase section */

/* Begin PBXTargetDependency section */
		E14D429F2B3770030015BA2F /* PBXTargetDependency */ = {
			isa = PBXTargetDependency;
			target = E14D428C2B376FFF0015BA2F /* whataday */;
			targetProxy = E14D429E2B3770030015BA2F /* PBXContainerItemProxy */;
		};
		E14D42A92B3770030015BA2F /* PBXTargetDependency */ = {
			isa = PBXTargetDependency;
			target = E14D428C2B376FFF0015BA2F /* whataday */;
			targetProxy = E14D42A82B3770030015BA2F /* PBXContainerItemProxy */;
		};
/* End PBXTargetDependency section */

/* Begin XCBuildConfiguration section */
		E14D42AF2B3770030015BA2F /* Debug */ = {
			isa = XCBuildConfiguration;
			buildSettings = {
				ALWAYS_SEARCH_USER_PATHS = NO;
				ASSETCATALOG_COMPILER_GENERATE_SWIFT_ASSET_SYMBOL_EXTENSIONS = YES;
				CLANG_ANALYZER_NONNULL = YES;
				CLANG_ANALYZER_NUMBER_OBJECT_CONVERSION = YES_AGGRESSIVE;
				CLANG_CXX_LANGUAGE_STANDARD = "gnu++20";
				CLANG_ENABLE_MODULES = YES;
				CLANG_ENABLE_OBJC_ARC = YES;
				CLANG_ENABLE_OBJC_WEAK = YES;
				CLANG_WARN_BLOCK_CAPTURE_AUTORELEASING = YES;
				CLANG_WARN_BOOL_CONVERSION = YES;
				CLANG_WARN_COMMA = YES;
				CLANG_WARN_CONSTANT_CONVERSION = YES;
				CLANG_WARN_DEPRECATED_OBJC_IMPLEMENTATIONS = YES;
				CLANG_WARN_DIRECT_OBJC_ISA_USAGE = YES_ERROR;
				CLANG_WARN_DOCUMENTATION_COMMENTS = YES;
				CLANG_WARN_EMPTY_BODY = YES;
				CLANG_WARN_ENUM_CONVERSION = YES;
				CLANG_WARN_INFINITE_RECURSION = YES;
				CLANG_WARN_INT_CONVERSION = YES;
				CLANG_WARN_NON_LITERAL_NULL_CONVERSION = YES;
				CLANG_WARN_OBJC_IMPLICIT_RETAIN_SELF = YES;
				CLANG_WARN_OBJC_LITERAL_CONVERSION = YES;
				CLANG_WARN_OBJC_ROOT_CLASS = YES_ERROR;
				CLANG_WARN_QUOTED_INCLUDE_IN_FRAMEWORK_HEADER = YES;
				CLANG_WARN_RANGE_LOOP_ANALYSIS = YES;
				CLANG_WARN_STRICT_PROTOTYPES = YES;
				CLANG_WARN_SUSPICIOUS_MOVE = YES;
				CLANG_WARN_UNGUARDED_AVAILABILITY = YES_AGGRESSIVE;
				CLANG_WARN_UNREACHABLE_CODE = YES;
				CLANG_WARN__DUPLICATE_METHOD_MATCH = YES;
				COPY_PHASE_STRIP = NO;
				DEBUG_INFORMATION_FORMAT = dwarf;
				ENABLE_STRICT_OBJC_MSGSEND = YES;
				ENABLE_TESTABILITY = YES;
				ENABLE_USER_SCRIPT_SANDBOXING = YES;
				GCC_C_LANGUAGE_STANDARD = gnu17;
				GCC_DYNAMIC_NO_PIC = NO;
				GCC_NO_COMMON_BLOCKS = YES;
				GCC_OPTIMIZATION_LEVEL = 0;
				GCC_PREPROCESSOR_DEFINITIONS = (
					"DEBUG=1",
					"$(inherited)",
				);
				GCC_WARN_64_TO_32_BIT_CONVERSION = YES;
				GCC_WARN_ABOUT_RETURN_TYPE = YES_ERROR;
				GCC_WARN_UNDECLARED_SELECTOR = YES;
				GCC_WARN_UNINITIALIZED_AUTOS = YES_AGGRESSIVE;
				GCC_WARN_UNUSED_FUNCTION = YES;
				GCC_WARN_UNUSED_VARIABLE = YES;
				IPHONEOS_DEPLOYMENT_TARGET = 17.2;
				LOCALIZATION_PREFERS_STRING_CATALOGS = YES;
				MTL_ENABLE_DEBUG_INFO = INCLUDE_SOURCE;
				MTL_FAST_MATH = YES;
				ONLY_ACTIVE_ARCH = YES;
				SDKROOT = iphoneos;
				SWIFT_ACTIVE_COMPILATION_CONDITIONS = "DEBUG $(inherited)";
				SWIFT_OPTIMIZATION_LEVEL = "-Onone";
			};
			name = Debug;
		};
		E14D42B02B3770030015BA2F /* Release */ = {
			isa = XCBuildConfiguration;
			buildSettings = {
				ALWAYS_SEARCH_USER_PATHS = NO;
				ASSETCATALOG_COMPILER_GENERATE_SWIFT_ASSET_SYMBOL_EXTENSIONS = YES;
				CLANG_ANALYZER_NONNULL = YES;
				CLANG_ANALYZER_NUMBER_OBJECT_CONVERSION = YES_AGGRESSIVE;
				CLANG_CXX_LANGUAGE_STANDARD = "gnu++20";
				CLANG_ENABLE_MODULES = YES;
				CLANG_ENABLE_OBJC_ARC = YES;
				CLANG_ENABLE_OBJC_WEAK = YES;
				CLANG_WARN_BLOCK_CAPTURE_AUTORELEASING = YES;
				CLANG_WARN_BOOL_CONVERSION = YES;
				CLANG_WARN_COMMA = YES;
				CLANG_WARN_CONSTANT_CONVERSION = YES;
				CLANG_WARN_DEPRECATED_OBJC_IMPLEMENTATIONS = YES;
				CLANG_WARN_DIRECT_OBJC_ISA_USAGE = YES_ERROR;
				CLANG_WARN_DOCUMENTATION_COMMENTS = YES;
				CLANG_WARN_EMPTY_BODY = YES;
				CLANG_WARN_ENUM_CONVERSION = YES;
				CLANG_WARN_INFINITE_RECURSION = YES;
				CLANG_WARN_INT_CONVERSION = YES;
				CLANG_WARN_NON_LITERAL_NULL_CONVERSION = YES;
				CLANG_WARN_OBJC_IMPLICIT_RETAIN_SELF = YES;
				CLANG_WARN_OBJC_LITERAL_CONVERSION = YES;
				CLANG_WARN_OBJC_ROOT_CLASS = YES_ERROR;
				CLANG_WARN_QUOTED_INCLUDE_IN_FRAMEWORK_HEADER = YES;
				CLANG_WARN_RANGE_LOOP_ANALYSIS = YES;
				CLANG_WARN_STRICT_PROTOTYPES = YES;
				CLANG_WARN_SUSPICIOUS_MOVE = YES;
				CLANG_WARN_UNGUARDED_AVAILABILITY = YES_AGGRESSIVE;
				CLANG_WARN_UNREACHABLE_CODE = YES;
				CLANG_WARN__DUPLICATE_METHOD_MATCH = YES;
				COPY_PHASE_STRIP = NO;
				DEBUG_INFORMATION_FORMAT = "dwarf-with-dsym";
				ENABLE_NS_ASSERTIONS = NO;
				ENABLE_STRICT_OBJC_MSGSEND = YES;
				ENABLE_USER_SCRIPT_SANDBOXING = YES;
				GCC_C_LANGUAGE_STANDARD = gnu17;
				GCC_NO_COMMON_BLOCKS = YES;
				GCC_WARN_64_TO_32_BIT_CONVERSION = YES;
				GCC_WARN_ABOUT_RETURN_TYPE = YES_ERROR;
				GCC_WARN_UNDECLARED_SELECTOR = YES;
				GCC_WARN_UNINITIALIZED_AUTOS = YES_AGGRESSIVE;
				GCC_WARN_UNUSED_FUNCTION = YES;
				GCC_WARN_UNUSED_VARIABLE = YES;
				IPHONEOS_DEPLOYMENT_TARGET = 17.2;
				LOCALIZATION_PREFERS_STRING_CATALOGS = YES;
				MTL_ENABLE_DEBUG_INFO = NO;
				MTL_FAST_MATH = YES;
				SDKROOT = iphoneos;
				SWIFT_COMPILATION_MODE = wholemodule;
				VALIDATE_PRODUCT = YES;
			};
			name = Release;
		};
		E14D42B22B3770030015BA2F /* Debug */ = {
			isa = XCBuildConfiguration;
			buildSettings = {
				ASSETCATALOG_COMPILER_APPICON_NAME = AppIcon;
				ASSETCATALOG_COMPILER_GLOBAL_ACCENT_COLOR_NAME = AccentColor;
				CODE_SIGN_STYLE = Automatic;
				CURRENT_PROJECT_VERSION = 1;
				DEVELOPMENT_ASSET_PATHS = "\"whataday/Preview Content\"";
				ENABLE_PREVIEWS = YES;
				GENERATE_INFOPLIST_FILE = YES;
				INFOPLIST_KEY_UIApplicationSceneManifest_Generation = YES;
				INFOPLIST_KEY_UIApplicationSupportsIndirectInputEvents = YES;
				INFOPLIST_KEY_UILaunchScreen_Generation = YES;
				INFOPLIST_KEY_UISupportedInterfaceOrientations_iPad = "UIInterfaceOrientationPortrait UIInterfaceOrientationPortraitUpsideDown UIInterfaceOrientationLandscapeLeft UIInterfaceOrientationLandscapeRight";
				INFOPLIST_KEY_UISupportedInterfaceOrientations_iPhone = "UIInterfaceOrientationPortrait UIInterfaceOrientationLandscapeLeft UIInterfaceOrientationLandscapeRight";
				LD_RUNPATH_SEARCH_PATHS = (
					"$(inherited)",
					"@executable_path/Frameworks",
				);
				MARKETING_VERSION = 1.0;
				PRODUCT_BUNDLE_IDENTIFIER = jared.whataday;
				PRODUCT_NAME = "$(TARGET_NAME)";
				SWIFT_EMIT_LOC_STRINGS = YES;
				SWIFT_VERSION = 5.0;
				TARGETED_DEVICE_FAMILY = "1,2";
			};
			name = Debug;
		};
		E14D42B32B3770030015BA2F /* Release */ = {
			isa = XCBuildConfiguration;
			buildSettings = {
				ASSETCATALOG_COMPILER_APPICON_NAME = AppIcon;
				ASSETCATALOG_COMPILER_GLOBAL_ACCENT_COLOR_NAME = AccentColor;
				CODE_SIGN_STYLE = Automatic;
				CURRENT_PROJECT_VERSION = 1;
				DEVELOPMENT_ASSET_PATHS = "\"whataday/Preview Content\"";
				ENABLE_PREVIEWS = YES;
				GENERATE_INFOPLIST_FILE = YES;
				INFOPLIST_KEY_UIApplicationSceneManifest_Generation = YES;
				INFOPLIST_KEY_UIApplicationSupportsIndirectInputEvents = YES;
				INFOPLIST_KEY_UILaunchScreen_Generation = YES;
				INFOPLIST_KEY_UISupportedInterfaceOrientations_iPad = "UIInterfaceOrientationPortrait UIInterfaceOrientationPortraitUpsideDown UIInterfaceOrientationLandscapeLeft UIInterfaceOrientationLandscapeRight";
				INFOPLIST_KEY_UISupportedInterfaceOrientations_iPhone = "UIInterfaceOrientationPortrait UIInterfaceOrientationLandscapeLeft UIInterfaceOrientationLandscapeRight";
				LD_RUNPATH_SEARCH_PATHS = (
					"$(inherited)",
					"@executable_path/Frameworks",
				);
				MARKETING_VERSION = 1.0;
				PRODUCT_BUNDLE_IDENTIFIER = jared.whataday;
				PRODUCT_NAME = "$(TARGET_NAME)";
				SWIFT_EMIT_LOC_STRINGS = YES;
				SWIFT_VERSION = 5.0;
				TARGETED_DEVICE_FAMILY = "1,2";
			};
			name = Release;
		};
		E14D42B52B3770030015BA2F /* Debug */ = {
			isa = XCBuildConfiguration;
			buildSettings = {
				ALWAYS_EMBED_SWIFT_STANDARD_LIBRARIES = YES;
				BUNDLE_LOADER = "$(TEST_HOST)";
				CODE_SIGN_STYLE = Automatic;
				CURRENT_PROJECT_VERSION = 1;
				GENERATE_INFOPLIST_FILE = YES;
				IPHONEOS_DEPLOYMENT_TARGET = 17.2;
				MARKETING_VERSION = 1.0;
				PRODUCT_BUNDLE_IDENTIFIER = jared.whatadayTests;
				PRODUCT_NAME = "$(TARGET_NAME)";
				SWIFT_EMIT_LOC_STRINGS = NO;
				SWIFT_VERSION = 5.0;
				TARGETED_DEVICE_FAMILY = "1,2";
				TEST_HOST = "$(BUILT_PRODUCTS_DIR)/whataday.app/$(BUNDLE_EXECUTABLE_FOLDER_PATH)/whataday";
			};
			name = Debug;
		};
		E14D42B62B3770030015BA2F /* Release */ = {
			isa = XCBuildConfiguration;
			buildSettings = {
				ALWAYS_EMBED_SWIFT_STANDARD_LIBRARIES = YES;
				BUNDLE_LOADER = "$(TEST_HOST)";
				CODE_SIGN_STYLE = Automatic;
				CURRENT_PROJECT_VERSION = 1;
				GENERATE_INFOPLIST_FILE = YES;
				IPHONEOS_DEPLOYMENT_TARGET = 17.2;
				MARKETING_VERSION = 1.0;
				PRODUCT_BUNDLE_IDENTIFIER = jared.whatadayTests;
				PRODUCT_NAME = "$(TARGET_NAME)";
				SWIFT_EMIT_LOC_STRINGS = NO;
				SWIFT_VERSION = 5.0;
				TARGETED_DEVICE_FAMILY = "1,2";
				TEST_HOST = "$(BUILT_PRODUCTS_DIR)/whataday.app/$(BUNDLE_EXECUTABLE_FOLDER_PATH)/whataday";
			};
			name = Release;
		};
		E14D42B82B3770030015BA2F /* Debug */ = {
			isa = XCBuildConfiguration;
			buildSettings = {
				ALWAYS_EMBED_SWIFT_STANDARD_LIBRARIES = YES;
				CODE_SIGN_STYLE = Automatic;
				CURRENT_PROJECT_VERSION = 1;
				GENERATE_INFOPLIST_FILE = YES;
				MARKETING_VERSION = 1.0;
				PRODUCT_BUNDLE_IDENTIFIER = jared.whatadayUITests;
				PRODUCT_NAME = "$(TARGET_NAME)";
				SWIFT_EMIT_LOC_STRINGS = NO;
				SWIFT_VERSION = 5.0;
				TARGETED_DEVICE_FAMILY = "1,2";
				TEST_TARGET_NAME = whataday;
			};
			name = Debug;
		};
		E14D42B92B3770030015BA2F /* Release */ = {
			isa = XCBuildConfiguration;
			buildSettings = {
				ALWAYS_EMBED_SWIFT_STANDARD_LIBRARIES = YES;
				CODE_SIGN_STYLE = Automatic;
				CURRENT_PROJECT_VERSION = 1;
				GENERATE_INFOPLIST_FILE = YES;
				MARKETING_VERSION = 1.0;
				PRODUCT_BUNDLE_IDENTIFIER = jared.whatadayUITests;
				PRODUCT_NAME = "$(TARGET_NAME)";
				SWIFT_EMIT_LOC_STRINGS = NO;
				SWIFT_VERSION = 5.0;
				TARGETED_DEVICE_FAMILY = "1,2";
				TEST_TARGET_NAME = whataday;
			};
			name = Release;
		};
/* End XCBuildConfiguration section */

/* Begin XCConfigurationList section */
		E14D42882B376FFF0015BA2F /* Build configuration list for PBXProject "whataday" */ = {
			isa = XCConfigurationList;
			buildConfigurations = (
				E14D42AF2B3770030015BA2F /* Debug */,
				E14D42B02B3770030015BA2F /* Release */,
			);
			defaultConfigurationIsVisible = 0;
			defaultConfigurationName = Release;
		};
		E14D42B12B3770030015BA2F /* Build configuration list for PBXNativeTarget "whataday" */ = {
			isa = XCConfigurationList;
			buildConfigurations = (
				E14D42B22B3770030015BA2F /* Debug */,
				E14D42B32B3770030015BA2F /* Release */,
			);
			defaultConfigurationIsVisible = 0;
			defaultConfigurationName = Release;
		};
		E14D42B42B3770030015BA2F /* Build configuration list for PBXNativeTarget "whatadayTests" */ = {
			isa = XCConfigurationList;
			buildConfigurations = (
				E14D42B52B3770030015BA2F /* Debug */,
				E14D42B62B3770030015BA2F /* Release */,
			);
			defaultConfigurationIsVisible = 0;
			defaultConfigurationName = Release;
		};
		E14D42B72B3770030015BA2F /* Build configuration list for PBXNativeTarget "whatadayUITests" */ = {
			isa = XCConfigurationList;
			buildConfigurations = (
				E14D42B82B3770030015BA2F /* Debug */,
				E14D42B92B3770030015BA2F /* Release */,
			);
			defaultConfigurationIsVisible = 0;
			defaultConfigurationName = Release;
		};
/* End XCConfigurationList section */
	};
	rootObject = E14D42852B376FFF0015BA2F /* Project object */;
}
